
Microsoft Visual Studio Solution File, Format Version 12.00
# Visual Studio Version 16
VisualStudioVersion = 16.0.30413.136
MinimumVisualStudioVersion = 10.0.40219.1
Project("{FAE04EC0-301F-11D3-BF4B-00C04F79EFBC}") = "eShopSolution", "eShopSolution\eShopSolution.csproj", "{F95377CE-3E76-4F72-9BCD-847F95EDD072}"
EndProject
Global
	GlobalSection(SolutionConfigurationPlatforms) = preSolution
		Debug|Any CPU = Debug|Any CPU
		Release|Any CPU = Release|Any CPU
	EndGlobalSection
	GlobalSection(ProjectConfigurationPlatforms) = postSolution
		{F95377CE-3E76-4F72-9BCD-847F95EDD072}.Debug|Any CPU.ActiveCfg = Debug|Any CPU
		{F95377CE-3E76-4F72-9BCD-847F95EDD072}.Debug|Any CPU.Build.0 = Debug|Any CPU
		{F95377CE-3E76-4F72-9BCD-847F95EDD072}.Release|Any CPU.ActiveCfg = Release|Any CPU
		{F95377CE-3E76-4F72-9BCD-847F95EDD072}.Release|Any CPU.Build.0 = Release|Any CPU
	EndGlobalSection
	GlobalSection(SolutionProperties) = preSolution
		HideSolutionNode = FALSE
	EndGlobalSection
	GlobalSection(ExtensibilityGlobals) = postSolution
		SolutionGuid = {62A4166C-F0F6-4034-A5CB-032E2BB1B3D4}
	EndGlobalSection
EndGlobal
